// !$*UTF8*$!
{
	archiveVersion = 1;
	classes = {
	};
	objectVersion = 50;
	objects = {

/* Begin PBXBuildFile section */
		60FCE81720E9C38A001A9227 /* AppDelegate.m in Sources */ = {isa = PBXBuildFile; fileRef = 60FCE81620E9C38A001A9227 /* AppDelegate.m */; };
		60FCE81A20E9C38A001A9227 /* ViewController.m in Sources */ = {isa = PBXBuildFile; fileRef = 60FCE81920E9C38A001A9227 /* ViewController.m */; };
		60FCE81D20E9C38A001A9227 /* Main.storyboard in Resources */ = {isa = PBXBuildFile; fileRef = 60FCE81B20E9C38A001A9227 /* Main.storyboard */; };
		60FCE81F20E9C38C001A9227 /* Assets.xcassets in Resources */ = {isa = PBXBuildFile; fileRef = 60FCE81E20E9C38C001A9227 /* Assets.xcassets */; };
		60FCE82220E9C38C001A9227 /* LaunchScreen.storyboard in Resources */ = {isa = PBXBuildFile; fileRef = 60FCE82020E9C38C001A9227 /* LaunchScreen.storyboard */; };
		60FCE82520E9C38C001A9227 /* main.m in Sources */ = {isa = PBXBuildFile; fileRef = 60FCE82420E9C38C001A9227 /* main.m */; };
/* End PBXBuildFile section */

/* Begin PBXFileReference section */
		60FCE81220E9C38A001A9227 /* UINavigationControllerTest.app */ = {isa = PBXFileReference; explicitFileType = wrapper.application; includeInIndex = 0; path = UINavigationControllerTest.app; sourceTree = BUILT_PRODUCTS_DIR; };
		60FCE81520E9C38A001A9227 /* AppDelegate.h */ = {isa = PBXFileReference; lastKnownFileType = sourcecode.c.h; path = AppDelegate.h; sourceTree = "<group>"; };
		60FCE81620E9C38A001A9227 /* AppDelegate.m */ = {isa = PBXFileReference; lastKnownFileType = sourcecode.c.objc; path = AppDelegate.m; sourceTree = "<group>"; };
		60FCE81820E9C38A001A9227 /* ViewController.h */ = {isa = PBXFileReference; lastKnownFileType = sourcecode.c.h; path = ViewController.h; sourceTree = "<group>"; };
		60FCE81920E9C38A001A9227 /* ViewController.m */ = {isa = PBXFileReference; lastKnownFileType = sourcecode.c.objc; path = ViewController.m; sourceTree = "<group>"; };
		60FCE81C20E9C38A001A9227 /* Base */ = {isa = PBXFileReference; lastKnownFileType = file.storyboard; name = Base; path = Base.lproj/Main.storyboard; sourceTree = "<group>"; };
		60FCE81E20E9C38C001A9227 /* Assets.xcassets */ = {isa = PBXFileReference; lastKnownFileType = folder.assetcatalog; path = Assets.xcassets; sourceTree = "<group>"; };
		60FCE82120E9C38C001A9227 /* Base */ = {isa = PBXFileReference; lastKnownFileType = file.storyboard; name = Base; path = Base.lproj/LaunchScreen.storyboard; sourceTree = "<group>"; };
		60FCE82320E9C38C001A9227 /* Info.plist */ = {isa = PBXFileReference; lastKnownFileType = text.plist.xml; path = Info.plist; sourceTree = "<group>"; };
		60FCE82420E9C38C001A9227 /* main.m */ = {isa = PBXFileReference; lastKnownFileType = sourcecode.c.objc; path = main.m; sourceTree = "<group>"; };
/* End PBXFileReference section */

/* Begin PBXFrameworksBuildPhase section */
		60FCE80F20E9C38A001A9227 /* Frameworks */ = {
			isa = PBXFrameworksBuildPhase;
			buildActionMask = 2147483647;
			files = (
			);
			runOnlyForDeploymentPostprocessing = 0;
		};
/* End PBXFrameworksBuildPhase section */

/* Begin PBXGroup section */
		60FCE80920E9C38A001A9227 = {
			isa = PBXGroup;
			children = (
				60FCE81420E9C38A001A9227 /* UINavigationControllerTest */,
				60FCE81320E9C38A001A9227 /* Products */,
			);
			sourceTree = "<group>";
		};
		60FCE81320E9C38A001A9227 /* Products */ = {
			isa = PBXGroup;
			children = (
				60FCE81220E9C38A001A9227 /* UINavigationControllerTest.app */,
			);
			name = Products;
			sourceTree = "<group>";
		};
		60FCE81420E9C38A001A9227 /* UINavigationControllerTest */ = {
			isa = PBXGroup;
			children = (
				60FCE81520E9C38A001A9227 /* AppDelegate.h */,
				60FCE81620E9C38A001A9227 /* AppDelegate.m */,
				60FCE81820E9C38A001A9227 /* ViewController.h */,
				60FCE81920E9C38A001A9227 /* ViewController.m */,
				60FCE81B20E9C38A001A9227 /* Main.storyboard */,
				60FCE81E20E9C38C001A9227 /* Assets.xcassets */,
				60FCE82020E9C38C001A9227 /* LaunchScreen.storyboard */,
				60FCE82320E9C38C001A9227 /* Info.plist */,
				60FCE82420E9C38C001A9227 /* main.m */,
			);
			path = UINavigationControllerTest;
			sourceTree = "<group>";
		};
/* End PBXGroup section */

/* Begin PBXNativeTarget section */
		60FCE81120E9C38A001A9227 /* UINavigationControllerTest */ = {
			isa = PBXNativeTarget;
			buildConfigurationList = 60FCE82820E9C38C001A9227 /* Build configuration list for PBXNativeTarget "UINavigationControllerTest" */;
			buildPhases = (
				60FCE80E20E9C38A001A9227 /* Sources */,
				60FCE80F20E9C38A001A9227 /* Frameworks */,
				60FCE81020E9C38A001A9227 /* Resources */,
			);
			buildRules = (
			);
			dependencies = (
			);
			name = UINavigationControllerTest;
			productName = UINavigationControllerTest;
			productReference = 60FCE81220E9C38A001A9227 /* UINavigationControllerTest.app */;
			productType = "com.apple.product-type.application";
		};
/* End PBXNativeTarget section */

/* Begin PBXProject section */
		60FCE80A20E9C38A001A9227 /* Project object */ = {
			isa = PBXProject;
			attributes = {
				LastUpgradeCheck = 0930;
				ORGANIZATIONNAME = QinTuanye;
				TargetAttributes = {
					60FCE81120E9C38A001A9227 = {
						CreatedOnToolsVersion = 9.3.1;
					};
				};
			};
			buildConfigurationList = 60FCE80D20E9C38A001A9227 /* Build configuration list for PBXProject "UINavigationControllerTest" */;
			compatibilityVersion = "Xcode 9.3";
			developmentRegion = en;
			hasScannedForEncodings = 0;
			knownRegions = (
				en,
				Base,
			);
			mainGroup = 60FCE80920E9C38A001A9227;
			productRefGroup = 60FCE81320E9C38A001A9227 /* Products */;
			projectDirPath = "";
			projectRoot = "";
			targets = (
				60FCE81120E9C38A001A9227 /* UINavigationControllerTest */,
			);
		};
/* End PBXProject section */

/* Begin PBXResourcesBuildPhase section */
		60FCE81020E9C38A001A9227 /* Resources */ = {
			isa = PBXResourcesBuildPhase;
			buildActionMask = 2147483647;
			files = (
				60FCE82220E9C38C001A9227 /* LaunchScreen.storyboard in Resources */,
				60FCE81F20E9C38C001A9227 /* Assets.xcassets in Resources */,
				60FCE81D20E9C38A001A9227 /* Main.storyboard in Resources */,
			);
			runOnlyForDeploymentPostprocessing = 0;
		};
/* End PBXResourcesBuildPhase section */

/* Begin PBXSourcesBuildPhase section */
		60FCE80E20E9C38A001A9227 /* Sources */ = {
			isa = PBXSourcesBuildPhase;
			buildActionMask = 2147483647;
			files = (
				60FCE81A20E9C38A001A9227 /* ViewController.m in Sources */,
				60FCE82520E9C38C001A9227 /* main.m in Sources */,
				60FCE81720E9C38A001A9227 /* AppDelegate.m in Sources */,
			);
			runOnlyForDeploymentPostprocessing = 0;
		};
/* End PBXSourcesBuildPhase section */

/* Begin PBXVariantGroup section */
		60FCE81B20E9C38A001A9227 /* Main.storyboard */ = {
			isa = PBXVariantGroup;
			children = (
				60FCE81C20E9C38A001A9227 /* Base */,
			);
			name = Main.storyboard;
			sourceTree = "<group>";
		};
		60FCE82020E9C38C001A9227 /* LaunchScreen.storyboard */ = {
			isa = PBXVariantGroup;
			children = (
				60FCE82120E9C38C001A9227 /* Base */,
			);
			name = LaunchScreen.storyboard;
			sourceTree = "<group>";
		};
/* End PBXVariantGroup section */

/* Begin XCBuildConfiguration section */
		60FCE82620E9C38C001A9227 /* Debug */ = {
			isa = XCBuildConfiguration;
			buildSettings = {
				ALWAYS_SEARCH_USER_PATHS = NO;
				CLANG_ANALYZER_NONNULL = YES;
				CLANG_ANALYZER_NUMBER_OBJECT_CONVERSION = YES_AGGRESSIVE;
				CLANG_CXX_LANGUAGE_STANDARD = "gnu++14";
				CLANG_CXX_LIBRARY = "libc++";
				CLANG_ENABLE_MODULES = YES;
				CLANG_ENABLE_OBJC_ARC = YES;
				CLANG_ENABLE_OBJC_WEAK = YES;
				CLANG_WARN_BLOCK_CAPTURE_AUTORELEASING = YES;
				CLANG_WARN_BOOL_CONVERSION = YES;
				CLANG_WARN_COMMA = YES;
				CLANG_WARN_CONSTANT_CONVERSION = YES;
				CLANG_WARN_DEPRECATED_OBJC_IMPLEMENTATIONS = YES;
				CLANG_WARN_DIRECT_OBJC_ISA_USAGE = YES_ERROR;
				CLANG_WARN_DOCUMENTATION_COMMENTS = YES;
				CLANG_WARN_EMPTY_BODY = YES;
				CLANG_WARN_ENUM_CONVERSION = YES;
				CLANG_WARN_INFINITE_RECURSION = YES;
				CLANG_WARN_INT_CONVERSION = YES;
				CLANG_WARN_NON_LITERAL_NULL_CONVERSION = YES;
				CLANG_WARN_OBJC_IMPLICIT_RETAIN_SELF = YES;
				CLANG_WARN_OBJC_LITERAL_CONVERSION = YES;
				CLANG_WARN_OBJC_ROOT_CLASS = YES_ERROR;
				CLANG_WARN_RANGE_LOOP_ANALYSIS = YES;
				CLANG_WARN_STRICT_PROTOTYPES = YES;
				CLANG_WARN_SUSPICIOUS_MOVE = YES;
				CLANG_WARN_UNGUARDED_AVAILABILITY = YES_AGGRESSIVE;
				CLANG_WARN_UNREACHABLE_CODE = YES;
				CLANG_WARN__DUPLICATE_METHOD_MATCH = YES;
				CODE_SIGN_IDENTITY = "iPhone Developer";
				COPY_PHASE_STRIP = NO;
				DEBUG_INFORMATION_FORMAT = dwarf;
				ENABLE_STRICT_OBJC_MSGSEND = YES;
				ENABLE_TESTABILITY = YES;
				GCC_C_LANGUAGE_STANDARD = gnu11;
				GCC_DYNAMIC_NO_PIC = NO;
				GCC_NO_COMMON_BLOCKS = YES;
				GCC_OPTIMIZATION_LEVEL = 0;
				GCC_PREPROCESSOR_DEFINITIONS = (
					"DEBUG=1",
					"$(inherited)",
				);
				GCC_WARN_64_TO_32_BIT_CONVERSION = YES;
				GCC_WARN_ABOUT_RETURN_TYPE = YES_ERROR;
				GCC_WARN_UNDECLARED_SELECTOR = YES;
				GCC_WARN_UNINITIALIZED_AUTOS = YES_AGGRESSIVE;
				GCC_WARN_UNUSED_FUNCTION = YES;
				GCC_WARN_UNUSED_VARIABLE = YES;
				IPHONEOS_DEPLOYMENT_TARGET = 11.3;
				MTL_ENABLE_DEBUG_INFO = YES;
				ONLY_ACTIVE_ARCH = YES;
				SDKROOT = iphoneos;
			};
			name = Debug;
		};
		60FCE82720E9C38C001A9227 /* Release */ = {
			isa = XCBuildConfiguration;
			buildSettings = {
				ALWAYS_SEARCH_USER_PATHS = NO;
				CLANG_ANALYZER_NONNULL = YES;
				CLANG_ANALYZER_NUMBER_OBJECT_CONVERSION = YES_AGGRESSIVE;
				CLANG_CXX_LANGUAGE_STANDARD = "gnu++14";
				CLANG_CXX_LIBRARY = "libc++";
				CLANG_ENABLE_MODULES = YES;
				CLANG_ENABLE_OBJC_ARC = YES;
				CLANG_ENABLE_OBJC_WEAK = YES;
				CLANG_WARN_BLOCK_CAPTURE_AUTORELEASING = YES;
				CLANG_WARN_BOOL_CONVERSION = YES;
				CLANG_WARN_COMMA = YES;
				CLANG_WARN_CONSTANT_CONVERSION = YES;
				CLANG_WARN_DEPRECATED_OBJC_IMPLEMENTATIONS = YES;
				CLANG_WARN_DIRECT_OBJC_ISA_USAGE = YES_ERROR;
				CLANG_WARN_DOCUMENTATION_COMMENTS = YES;
				CLANG_WARN_EMPTY_BODY = YES;
				CLANG_WARN_ENUM_CONVERSION = YES;
				CLANG_WARN_INFINITE_RECURSION = YES;
				CLANG_WARN_INT_CONVERSION = YES;
				CLANG_WARN_NON_LITERAL_NULL_CONVERSION = YES;
				CLANG_WARN_OBJC_IMPLICIT_RETAIN_SELF = YES;
				CLANG_WARN_OBJC_LITERAL_CONVERSION = YES;
				CLANG_WARN_OBJC_ROOT_CLASS = YES_ERROR;
				CLANG_WARN_RANGE_LOOP_ANALYSIS = YES;
				CLANG_WARN_STRICT_PROTOTYPES = YES;
				CLANG_WARN_SUSPICIOUS_MOVE = YES;
				CLANG_WARN_UNGUARDED_AVAILABILITY = YES_AGGRESSIVE;
				CLANG_WARN_UNREACHABLE_CODE = YES;
				CLANG_WARN__DUPLICATE_METHOD_MATCH = YES;
				CODE_SIGN_IDENTITY = "iPhone Developer";
				COPY_PHASE_STRIP = NO;
				DEBUG_INFORMATION_FORMAT = "dwarf-with-dsym";
				ENABLE_NS_ASSERTIONS = NO;
				ENABLE_STRICT_OBJC_MSGSEND = YES;
				GCC_C_LANGUAGE_STANDARD = gnu11;
				GCC_NO_COMMON_BLOCKS = YES;
				GCC_WARN_64_TO_32_BIT_CONVERSION = YES;
				GCC_WARN_ABOUT_RETURN_TYPE = YES_ERROR;
				GCC_WARN_UNDECLARED_SELECTOR = YES;
				GCC_WARN_UNINITIALIZED_AUTOS = YES_AGGRESSIVE;
				GCC_WARN_UNUSED_FUNCTION = YES;
				GCC_WARN_UNUSED_VARIABLE = YES;
				IPHONEOS_DEPLOYMENT_TARGET = 11.3;
				MTL_ENABLE_DEBUG_INFO = NO;
				SDKROOT = iphoneos;
				VALIDATE_PRODUCT = YES;
			};
			name = Release;
		};
		60FCE82920E9C38C001A9227 /* Debug */ = {
			isa = XCBuildConfiguration;
			buildSettings = {
				ASSETCATALOG_COMPILER_APPICON_NAME = AppIcon;
				CODE_SIGN_STYLE = Automatic;
				DEVELOPMENT_TEAM = V36526T8FR;
				INFOPLIST_FILE = UINavigationControllerTest/Info.plist;
				LD_RUNPATH_SEARCH_PATHS = (
					"$(inherited)",
					"@executable_path/Frameworks",
				);
				PRODUCT_BUNDLE_IDENTIFIER = com.qty.UINavigationControllerTest;
				PRODUCT_NAME = "$(TARGET_NAME)";
				TARGETED_DEVICE_FAMILY = "1,2";
			};
			name = Debug;
		};
		60FCE82A20E9C38C001A9227 /* Release */ = {
			isa = XCBuildConfiguration;
			buildSettings = {
				ASSETCATALOG_COMPILER_APPICON_NAME = AppIcon;
				CODE_SIGN_STYLE = Automatic;
				DEVELOPMENT_TEAM = V36526T8FR;
				INFOPLIST_FILE = UINavigationControllerTest/Info.plist;
				LD_RUNPATH_SEARCH_PATHS = (
					"$(inherited)",
					"@executable_path/Frameworks",
				);
				PRODUCT_BUNDLE_IDENTIFIER = com.qty.UINavigationControllerTest;
				PRODUCT_NAME = "$(TARGET_NAME)";
				TARGETED_DEVICE_FAMILY = "1,2";
			};
			name = Release;
		};
/* End XCBuildConfiguration section */

/* Begin XCConfigurationList section */
		60FCE80D20E9C38A001A9227 /* Build configuration list for PBXProject "UINavigationControllerTest" */ = {
			isa = XCConfigurationList;
			buildConfigurations = (
				60FCE82620E9C38C001A9227 /* Debug */,
				60FCE82720E9C38C001A9227 /* Release */,
			);
			defaultConfigurationIsVisible = 0;
			defaultConfigurationName = Release;
		};
		60FCE82820E9C38C001A9227 /* Build configuration list for PBXNativeTarget "UINavigationControllerTest" */ = {
			isa = XCConfigurationList;
			buildConfigurations = (
				60FCE82920E9C38C001A9227 /* Debug */,
				60FCE82A20E9C38C001A9227 /* Release */,
			);
			defaultConfigurationIsVisible = 0;
			defaultConfigurationName = Release;
		};
/* End XCConfigurationList section */
	};
	rootObject = 60FCE80A20E9C38A001A9227 /* Project object */;
}
