// !$*UTF8*$!
{
	archiveVersion = 1;
	classes = {
	};
	objectVersion = 50;
	objects = {

/* Begin PBXBuildFile section */
		602B7F7720E263A500F75C72 /* AppDelegate.m in Sources */ = {isa = PBXBuildFile; fileRef = 602B7F7620E263A500F75C72 /* AppDelegate.m */; };
		602B7F7A20E263A500F75C72 /* ViewController.m in Sources */ = {isa = PBXBuildFile; fileRef = 602B7F7920E263A500F75C72 /* ViewController.m */; };
		602B7F7D20E263A500F75C72 /* Main.storyboard in Resources */ = {isa = PBXBuildFile; fileRef = 602B7F7B20E263A500F75C72 /* Main.storyboard */; };
		602B7F7F20E263A700F75C72 /* Assets.xcassets in Resources */ = {isa = PBXBuildFile; fileRef = 602B7F7E20E263A700F75C72 /* Assets.xcassets */; };
		602B7F8220E263A700F75C72 /* LaunchScreen.storyboard in Resources */ = {isa = PBXBuildFile; fileRef = 602B7F8020E263A700F75C72 /* LaunchScreen.storyboard */; };
		602B7F8520E263A700F75C72 /* main.m in Sources */ = {isa = PBXBuildFile; fileRef = 602B7F8420E263A700F75C72 /* main.m */; };
/* End PBXBuildFile section */

/* Begin PBXFileReference section */
		602B7F7220E263A500F75C72 /* UIPageControlTest.app */ = {isa = PBXFileReference; explicitFileType = wrapper.application; includeInIndex = 0; path = UIPageControlTest.app; sourceTree = BUILT_PRODUCTS_DIR; };
		602B7F7520E263A500F75C72 /* AppDelegate.h */ = {isa = PBXFileReference; lastKnownFileType = sourcecode.c.h; path = AppDelegate.h; sourceTree = "<group>"; };
		602B7F7620E263A500F75C72 /* AppDelegate.m */ = {isa = PBXFileReference; lastKnownFileType = sourcecode.c.objc; path = AppDelegate.m; sourceTree = "<group>"; };
		602B7F7820E263A500F75C72 /* ViewController.h */ = {isa = PBXFileReference; lastKnownFileType = sourcecode.c.h; path = ViewController.h; sourceTree = "<group>"; };
		602B7F7920E263A500F75C72 /* ViewController.m */ = {isa = PBXFileReference; lastKnownFileType = sourcecode.c.objc; path = ViewController.m; sourceTree = "<group>"; };
		602B7F7C20E263A500F75C72 /* Base */ = {isa = PBXFileReference; lastKnownFileType = file.storyboard; name = Base; path = Base.lproj/Main.storyboard; sourceTree = "<group>"; };
		602B7F7E20E263A700F75C72 /* Assets.xcassets */ = {isa = PBXFileReference; lastKnownFileType = folder.assetcatalog; path = Assets.xcassets; sourceTree = "<group>"; };
		602B7F8120E263A700F75C72 /* Base */ = {isa = PBXFileReference; lastKnownFileType = file.storyboard; name = Base; path = Base.lproj/LaunchScreen.storyboard; sourceTree = "<group>"; };
		602B7F8320E263A700F75C72 /* Info.plist */ = {isa = PBXFileReference; lastKnownFileType = text.plist.xml; path = Info.plist; sourceTree = "<group>"; };
		602B7F8420E263A700F75C72 /* main.m */ = {isa = PBXFileReference; lastKnownFileType = sourcecode.c.objc; path = main.m; sourceTree = "<group>"; };
/* End PBXFileReference section */

/* Begin PBXFrameworksBuildPhase section */
		602B7F6F20E263A500F75C72 /* Frameworks */ = {
			isa = PBXFrameworksBuildPhase;
			buildActionMask = 2147483647;
			files = (
			);
			runOnlyForDeploymentPostprocessing = 0;
		};
/* End PBXFrameworksBuildPhase section */

/* Begin PBXGroup section */
		602B7F6920E263A500F75C72 = {
			isa = PBXGroup;
			children = (
				602B7F7420E263A500F75C72 /* UIPageControlTest */,
				602B7F7320E263A500F75C72 /* Products */,
			);
			sourceTree = "<group>";
		};
		602B7F7320E263A500F75C72 /* Products */ = {
			isa = PBXGroup;
			children = (
				602B7F7220E263A500F75C72 /* UIPageControlTest.app */,
			);
			name = Products;
			sourceTree = "<group>";
		};
		602B7F7420E263A500F75C72 /* UIPageControlTest */ = {
			isa = PBXGroup;
			children = (
				602B7F7520E263A500F75C72 /* AppDelegate.h */,
				602B7F7620E263A500F75C72 /* AppDelegate.m */,
				602B7F7820E263A500F75C72 /* ViewController.h */,
				602B7F7920E263A500F75C72 /* ViewController.m */,
				602B7F7B20E263A500F75C72 /* Main.storyboard */,
				602B7F7E20E263A700F75C72 /* Assets.xcassets */,
				602B7F8020E263A700F75C72 /* LaunchScreen.storyboard */,
				602B7F8320E263A700F75C72 /* Info.plist */,
				602B7F8420E263A700F75C72 /* main.m */,
			);
			path = UIPageControlTest;
			sourceTree = "<group>";
		};
/* End PBXGroup section */

/* Begin PBXNativeTarget section */
		602B7F7120E263A500F75C72 /* UIPageControlTest */ = {
			isa = PBXNativeTarget;
			buildConfigurationList = 602B7F8820E263A700F75C72 /* Build configuration list for PBXNativeTarget "UIPageControlTest" */;
			buildPhases = (
				602B7F6E20E263A500F75C72 /* Sources */,
				602B7F6F20E263A500F75C72 /* Frameworks */,
				602B7F7020E263A500F75C72 /* Resources */,
			);
			buildRules = (
			);
			dependencies = (
			);
			name = UIPageControlTest;
			productName = UIPageControlTest;
			productReference = 602B7F7220E263A500F75C72 /* UIPageControlTest.app */;
			productType = "com.apple.product-type.application";
		};
/* End PBXNativeTarget section */

/* Begin PBXProject section */
		602B7F6A20E263A500F75C72 /* Project object */ = {
			isa = PBXProject;
			attributes = {
				LastUpgradeCheck = 0930;
				ORGANIZATIONNAME = QinTuanye;
				TargetAttributes = {
					602B7F7120E263A500F75C72 = {
						CreatedOnToolsVersion = 9.3.1;
					};
				};
			};
			buildConfigurationList = 602B7F6D20E263A500F75C72 /* Build configuration list for PBXProject "UIPageControlTest" */;
			compatibilityVersion = "Xcode 9.3";
			developmentRegion = en;
			hasScannedForEncodings = 0;
			knownRegions = (
				en,
				Base,
			);
			mainGroup = 602B7F6920E263A500F75C72;
			productRefGroup = 602B7F7320E263A500F75C72 /* Products */;
			projectDirPath = "";
			projectRoot = "";
			targets = (
				602B7F7120E263A500F75C72 /* UIPageControlTest */,
			);
		};
/* End PBXProject section */

/* Begin PBXResourcesBuildPhase section */
		602B7F7020E263A500F75C72 /* Resources */ = {
			isa = PBXResourcesBuildPhase;
			buildActionMask = 2147483647;
			files = (
				602B7F8220E263A700F75C72 /* LaunchScreen.storyboard in Resources */,
				602B7F7F20E263A700F75C72 /* Assets.xcassets in Resources */,
				602B7F7D20E263A500F75C72 /* Main.storyboard in Resources */,
			);
			runOnlyForDeploymentPostprocessing = 0;
		};
/* End PBXResourcesBuildPhase section */

/* Begin PBXSourcesBuildPhase section */
		602B7F6E20E263A500F75C72 /* Sources */ = {
			isa = PBXSourcesBuildPhase;
			buildActionMask = 2147483647;
			files = (
				602B7F7A20E263A500F75C72 /* ViewController.m in Sources */,
				602B7F8520E263A700F75C72 /* main.m in Sources */,
				602B7F7720E263A500F75C72 /* AppDelegate.m in Sources */,
			);
			runOnlyForDeploymentPostprocessing = 0;
		};
/* End PBXSourcesBuildPhase section */

/* Begin PBXVariantGroup section */
		602B7F7B20E263A500F75C72 /* Main.storyboard */ = {
			isa = PBXVariantGroup;
			children = (
				602B7F7C20E263A500F75C72 /* Base */,
			);
			name = Main.storyboard;
			sourceTree = "<group>";
		};
		602B7F8020E263A700F75C72 /* LaunchScreen.storyboard */ = {
			isa = PBXVariantGroup;
			children = (
				602B7F8120E263A700F75C72 /* Base */,
			);
			name = LaunchScreen.storyboard;
			sourceTree = "<group>";
		};
/* End PBXVariantGroup section */

/* Begin XCBuildConfiguration section */
		602B7F8620E263A700F75C72 /* Debug */ = {
			isa = XCBuildConfiguration;
			buildSettings = {
				ALWAYS_SEARCH_USER_PATHS = NO;
				CLANG_ANALYZER_NONNULL = YES;
				CLANG_ANALYZER_NUMBER_OBJECT_CONVERSION = YES_AGGRESSIVE;
				CLANG_CXX_LANGUAGE_STANDARD = "gnu++14";
				CLANG_CXX_LIBRARY = "libc++";
				CLANG_ENABLE_MODULES = YES;
				CLANG_ENABLE_OBJC_ARC = YES;
				CLANG_ENABLE_OBJC_WEAK = YES;
				CLANG_WARN_BLOCK_CAPTURE_AUTORELEASING = YES;
				CLANG_WARN_BOOL_CONVERSION = YES;
				CLANG_WARN_COMMA = YES;
				CLANG_WARN_CONSTANT_CONVERSION = YES;
				CLANG_WARN_DEPRECATED_OBJC_IMPLEMENTATIONS = YES;
				CLANG_WARN_DIRECT_OBJC_ISA_USAGE = YES_ERROR;
				CLANG_WARN_DOCUMENTATION_COMMENTS = YES;
				CLANG_WARN_EMPTY_BODY = YES;
				CLANG_WARN_ENUM_CONVERSION = YES;
				CLANG_WARN_INFINITE_RECURSION = YES;
				CLANG_WARN_INT_CONVERSION = YES;
				CLANG_WARN_NON_LITERAL_NULL_CONVERSION = YES;
				CLANG_WARN_OBJC_IMPLICIT_RETAIN_SELF = YES;
				CLANG_WARN_OBJC_LITERAL_CONVERSION = YES;
				CLANG_WARN_OBJC_ROOT_CLASS = YES_ERROR;
				CLANG_WARN_RANGE_LOOP_ANALYSIS = YES;
				CLANG_WARN_STRICT_PROTOTYPES = YES;
				CLANG_WARN_SUSPICIOUS_MOVE = YES;
				CLANG_WARN_UNGUARDED_AVAILABILITY = YES_AGGRESSIVE;
				CLANG_WARN_UNREACHABLE_CODE = YES;
				CLANG_WARN__DUPLICATE_METHOD_MATCH = YES;
				CODE_SIGN_IDENTITY = "iPhone Developer";
				COPY_PHASE_STRIP = NO;
				DEBUG_INFORMATION_FORMAT = dwarf;
				ENABLE_STRICT_OBJC_MSGSEND = YES;
				ENABLE_TESTABILITY = YES;
				GCC_C_LANGUAGE_STANDARD = gnu11;
				GCC_DYNAMIC_NO_PIC = NO;
				GCC_NO_COMMON_BLOCKS = YES;
				GCC_OPTIMIZATION_LEVEL = 0;
				GCC_PREPROCESSOR_DEFINITIONS = (
					"DEBUG=1",
					"$(inherited)",
				);
				GCC_WARN_64_TO_32_BIT_CONVERSION = YES;
				GCC_WARN_ABOUT_RETURN_TYPE = YES_ERROR;
				GCC_WARN_UNDECLARED_SELECTOR = YES;
				GCC_WARN_UNINITIALIZED_AUTOS = YES_AGGRESSIVE;
				GCC_WARN_UNUSED_FUNCTION = YES;
				GCC_WARN_UNUSED_VARIABLE = YES;
				IPHONEOS_DEPLOYMENT_TARGET = 11.3;
				MTL_ENABLE_DEBUG_INFO = YES;
				ONLY_ACTIVE_ARCH = YES;
				SDKROOT = iphoneos;
			};
			name = Debug;
		};
		602B7F8720E263A700F75C72 /* Release */ = {
			isa = XCBuildConfiguration;
			buildSettings = {
				ALWAYS_SEARCH_USER_PATHS = NO;
				CLANG_ANALYZER_NONNULL = YES;
				CLANG_ANALYZER_NUMBER_OBJECT_CONVERSION = YES_AGGRESSIVE;
				CLANG_CXX_LANGUAGE_STANDARD = "gnu++14";
				CLANG_CXX_LIBRARY = "libc++";
				CLANG_ENABLE_MODULES = YES;
				CLANG_ENABLE_OBJC_ARC = YES;
				CLANG_ENABLE_OBJC_WEAK = YES;
				CLANG_WARN_BLOCK_CAPTURE_AUTORELEASING = YES;
				CLANG_WARN_BOOL_CONVERSION = YES;
				CLANG_WARN_COMMA = YES;
				CLANG_WARN_CONSTANT_CONVERSION = YES;
				CLANG_WARN_DEPRECATED_OBJC_IMPLEMENTATIONS = YES;
				CLANG_WARN_DIRECT_OBJC_ISA_USAGE = YES_ERROR;
				CLANG_WARN_DOCUMENTATION_COMMENTS = YES;
				CLANG_WARN_EMPTY_BODY = YES;
				CLANG_WARN_ENUM_CONVERSION = YES;
				CLANG_WARN_INFINITE_RECURSION = YES;
				CLANG_WARN_INT_CONVERSION = YES;
				CLANG_WARN_NON_LITERAL_NULL_CONVERSION = YES;
				CLANG_WARN_OBJC_IMPLICIT_RETAIN_SELF = YES;
				CLANG_WARN_OBJC_LITERAL_CONVERSION = YES;
				CLANG_WARN_OBJC_ROOT_CLASS = YES_ERROR;
				CLANG_WARN_RANGE_LOOP_ANALYSIS = YES;
				CLANG_WARN_STRICT_PROTOTYPES = YES;
				CLANG_WARN_SUSPICIOUS_MOVE = YES;
				CLANG_WARN_UNGUARDED_AVAILABILITY = YES_AGGRESSIVE;
				CLANG_WARN_UNREACHABLE_CODE = YES;
				CLANG_WARN__DUPLICATE_METHOD_MATCH = YES;
				CODE_SIGN_IDENTITY = "iPhone Developer";
				COPY_PHASE_STRIP = NO;
				DEBUG_INFORMATION_FORMAT = "dwarf-with-dsym";
				ENABLE_NS_ASSERTIONS = NO;
				ENABLE_STRICT_OBJC_MSGSEND = YES;
				GCC_C_LANGUAGE_STANDARD = gnu11;
				GCC_NO_COMMON_BLOCKS = YES;
				GCC_WARN_64_TO_32_BIT_CONVERSION = YES;
				GCC_WARN_ABOUT_RETURN_TYPE = YES_ERROR;
				GCC_WARN_UNDECLARED_SELECTOR = YES;
				GCC_WARN_UNINITIALIZED_AUTOS = YES_AGGRESSIVE;
				GCC_WARN_UNUSED_FUNCTION = YES;
				GCC_WARN_UNUSED_VARIABLE = YES;
				IPHONEOS_DEPLOYMENT_TARGET = 11.3;
				MTL_ENABLE_DEBUG_INFO = NO;
				SDKROOT = iphoneos;
				VALIDATE_PRODUCT = YES;
			};
			name = Release;
		};
		602B7F8920E263A700F75C72 /* Debug */ = {
			isa = XCBuildConfiguration;
			buildSettings = {
				ASSETCATALOG_COMPILER_APPICON_NAME = AppIcon;
				CODE_SIGN_STYLE = Automatic;
				DEVELOPMENT_TEAM = V36526T8FR;
				INFOPLIST_FILE = UIPageControlTest/Info.plist;
				LD_RUNPATH_SEARCH_PATHS = (
					"$(inherited)",
					"@executable_path/Frameworks",
				);
				PRODUCT_BUNDLE_IDENTIFIER = com.qty.UIPageControlTest;
				PRODUCT_NAME = "$(TARGET_NAME)";
				TARGETED_DEVICE_FAMILY = "1,2";
			};
			name = Debug;
		};
		602B7F8A20E263A700F75C72 /* Release */ = {
			isa = XCBuildConfiguration;
			buildSettings = {
				ASSETCATALOG_COMPILER_APPICON_NAME = AppIcon;
				CODE_SIGN_STYLE = Automatic;
				DEVELOPMENT_TEAM = V36526T8FR;
				INFOPLIST_FILE = UIPageControlTest/Info.plist;
				LD_RUNPATH_SEARCH_PATHS = (
					"$(inherited)",
					"@executable_path/Frameworks",
				);
				PRODUCT_BUNDLE_IDENTIFIER = com.qty.UIPageControlTest;
				PRODUCT_NAME = "$(TARGET_NAME)";
				TARGETED_DEVICE_FAMILY = "1,2";
			};
			name = Release;
		};
/* End XCBuildConfiguration section */

/* Begin XCConfigurationList section */
		602B7F6D20E263A500F75C72 /* Build configuration list for PBXProject "UIPageControlTest" */ = {
			isa = XCConfigurationList;
			buildConfigurations = (
				602B7F8620E263A700F75C72 /* Debug */,
				602B7F8720E263A700F75C72 /* Release */,
			);
			defaultConfigurationIsVisible = 0;
			defaultConfigurationName = Release;
		};
		602B7F8820E263A700F75C72 /* Build configuration list for PBXNativeTarget "UIPageControlTest" */ = {
			isa = XCConfigurationList;
			buildConfigurations = (
				602B7F8920E263A700F75C72 /* Debug */,
				602B7F8A20E263A700F75C72 /* Release */,
			);
			defaultConfigurationIsVisible = 0;
			defaultConfigurationName = Release;
		};
/* End XCConfigurationList section */
	};
	rootObject = 602B7F6A20E263A500F75C72 /* Project object */;
}
