// !$*UTF8*$!
{
	archiveVersion = 1;
	classes = {
	};
	objectVersion = 50;
	objects = {

/* Begin PBXBuildFile section */
		602EDD0B20F728EA00C156D5 /* AppDelegate.m in Sources */ = {isa = PBXBuildFile; fileRef = 602EDD0A20F728EA00C156D5 /* AppDelegate.m */; };
		602EDD0E20F728EA00C156D5 /* ViewController.m in Sources */ = {isa = PBXBuildFile; fileRef = 602EDD0D20F728EA00C156D5 /* ViewController.m */; };
		602EDD1120F728EA00C156D5 /* Main.storyboard in Resources */ = {isa = PBXBuildFile; fileRef = 602EDD0F20F728EA00C156D5 /* Main.storyboard */; };
		602EDD1320F728EB00C156D5 /* Assets.xcassets in Resources */ = {isa = PBXBuildFile; fileRef = 602EDD1220F728EB00C156D5 /* Assets.xcassets */; };
		602EDD1620F728EB00C156D5 /* LaunchScreen.storyboard in Resources */ = {isa = PBXBuildFile; fileRef = 602EDD1420F728EB00C156D5 /* LaunchScreen.storyboard */; };
		602EDD1920F728EB00C156D5 /* main.m in Sources */ = {isa = PBXBuildFile; fileRef = 602EDD1820F728EB00C156D5 /* main.m */; };
/* End PBXBuildFile section */

/* Begin PBXFileReference section */
		602EDD0620F728EA00C156D5 /* MyFire.app */ = {isa = PBXFileReference; explicitFileType = wrapper.application; includeInIndex = 0; path = MyFire.app; sourceTree = BUILT_PRODUCTS_DIR; };
		602EDD0920F728EA00C156D5 /* AppDelegate.h */ = {isa = PBXFileReference; lastKnownFileType = sourcecode.c.h; path = AppDelegate.h; sourceTree = "<group>"; };
		602EDD0A20F728EA00C156D5 /* AppDelegate.m */ = {isa = PBXFileReference; lastKnownFileType = sourcecode.c.objc; path = AppDelegate.m; sourceTree = "<group>"; };
		602EDD0C20F728EA00C156D5 /* ViewController.h */ = {isa = PBXFileReference; lastKnownFileType = sourcecode.c.h; path = ViewController.h; sourceTree = "<group>"; };
		602EDD0D20F728EA00C156D5 /* ViewController.m */ = {isa = PBXFileReference; lastKnownFileType = sourcecode.c.objc; path = ViewController.m; sourceTree = "<group>"; };
		602EDD1020F728EA00C156D5 /* Base */ = {isa = PBXFileReference; lastKnownFileType = file.storyboard; name = Base; path = Base.lproj/Main.storyboard; sourceTree = "<group>"; };
		602EDD1220F728EB00C156D5 /* Assets.xcassets */ = {isa = PBXFileReference; lastKnownFileType = folder.assetcatalog; path = Assets.xcassets; sourceTree = "<group>"; };
		602EDD1520F728EB00C156D5 /* Base */ = {isa = PBXFileReference; lastKnownFileType = file.storyboard; name = Base; path = Base.lproj/LaunchScreen.storyboard; sourceTree = "<group>"; };
		602EDD1720F728EB00C156D5 /* Info.plist */ = {isa = PBXFileReference; lastKnownFileType = text.plist.xml; path = Info.plist; sourceTree = "<group>"; };
		602EDD1820F728EB00C156D5 /* main.m */ = {isa = PBXFileReference; lastKnownFileType = sourcecode.c.objc; path = main.m; sourceTree = "<group>"; };
/* End PBXFileReference section */

/* Begin PBXFrameworksBuildPhase section */
		602EDD0320F728EA00C156D5 /* Frameworks */ = {
			isa = PBXFrameworksBuildPhase;
			buildActionMask = 2147483647;
			files = (
			);
			runOnlyForDeploymentPostprocessing = 0;
		};
/* End PBXFrameworksBuildPhase section */

/* Begin PBXGroup section */
		602EDCFD20F728EA00C156D5 = {
			isa = PBXGroup;
			children = (
				602EDD0820F728EA00C156D5 /* MyFire */,
				602EDD0720F728EA00C156D5 /* Products */,
			);
			sourceTree = "<group>";
		};
		602EDD0720F728EA00C156D5 /* Products */ = {
			isa = PBXGroup;
			children = (
				602EDD0620F728EA00C156D5 /* MyFire.app */,
			);
			name = Products;
			sourceTree = "<group>";
		};
		602EDD0820F728EA00C156D5 /* MyFire */ = {
			isa = PBXGroup;
			children = (
				602EDD0920F728EA00C156D5 /* AppDelegate.h */,
				602EDD0A20F728EA00C156D5 /* AppDelegate.m */,
				602EDD0C20F728EA00C156D5 /* ViewController.h */,
				602EDD0D20F728EA00C156D5 /* ViewController.m */,
				602EDD0F20F728EA00C156D5 /* Main.storyboard */,
				602EDD1220F728EB00C156D5 /* Assets.xcassets */,
				602EDD1420F728EB00C156D5 /* LaunchScreen.storyboard */,
				602EDD1720F728EB00C156D5 /* Info.plist */,
				602EDD1820F728EB00C156D5 /* main.m */,
			);
			path = MyFire;
			sourceTree = "<group>";
		};
/* End PBXGroup section */

/* Begin PBXNativeTarget section */
		602EDD0520F728EA00C156D5 /* MyFire */ = {
			isa = PBXNativeTarget;
			buildConfigurationList = 602EDD1C20F728EB00C156D5 /* Build configuration list for PBXNativeTarget "MyFire" */;
			buildPhases = (
				602EDD0220F728EA00C156D5 /* Sources */,
				602EDD0320F728EA00C156D5 /* Frameworks */,
				602EDD0420F728EA00C156D5 /* Resources */,
			);
			buildRules = (
			);
			dependencies = (
			);
			name = MyFire;
			productName = MyFire;
			productReference = 602EDD0620F728EA00C156D5 /* MyFire.app */;
			productType = "com.apple.product-type.application";
		};
/* End PBXNativeTarget section */

/* Begin PBXProject section */
		602EDCFE20F728EA00C156D5 /* Project object */ = {
			isa = PBXProject;
			attributes = {
				LastUpgradeCheck = 0930;
				ORGANIZATIONNAME = QinTuanye;
				TargetAttributes = {
					602EDD0520F728EA00C156D5 = {
						CreatedOnToolsVersion = 9.3.1;
					};
				};
			};
			buildConfigurationList = 602EDD0120F728EA00C156D5 /* Build configuration list for PBXProject "MyFire" */;
			compatibilityVersion = "Xcode 9.3";
			developmentRegion = en;
			hasScannedForEncodings = 0;
			knownRegions = (
				en,
				Base,
			);
			mainGroup = 602EDCFD20F728EA00C156D5;
			productRefGroup = 602EDD0720F728EA00C156D5 /* Products */;
			projectDirPath = "";
			projectRoot = "";
			targets = (
				602EDD0520F728EA00C156D5 /* MyFire */,
			);
		};
/* End PBXProject section */

/* Begin PBXResourcesBuildPhase section */
		602EDD0420F728EA00C156D5 /* Resources */ = {
			isa = PBXResourcesBuildPhase;
			buildActionMask = 2147483647;
			files = (
				602EDD1620F728EB00C156D5 /* LaunchScreen.storyboard in Resources */,
				602EDD1320F728EB00C156D5 /* Assets.xcassets in Resources */,
				602EDD1120F728EA00C156D5 /* Main.storyboard in Resources */,
			);
			runOnlyForDeploymentPostprocessing = 0;
		};
/* End PBXResourcesBuildPhase section */

/* Begin PBXSourcesBuildPhase section */
		602EDD0220F728EA00C156D5 /* Sources */ = {
			isa = PBXSourcesBuildPhase;
			buildActionMask = 2147483647;
			files = (
				602EDD0E20F728EA00C156D5 /* ViewController.m in Sources */,
				602EDD1920F728EB00C156D5 /* main.m in Sources */,
				602EDD0B20F728EA00C156D5 /* AppDelegate.m in Sources */,
			);
			runOnlyForDeploymentPostprocessing = 0;
		};
/* End PBXSourcesBuildPhase section */

/* Begin PBXVariantGroup section */
		602EDD0F20F728EA00C156D5 /* Main.storyboard */ = {
			isa = PBXVariantGroup;
			children = (
				602EDD1020F728EA00C156D5 /* Base */,
			);
			name = Main.storyboard;
			sourceTree = "<group>";
		};
		602EDD1420F728EB00C156D5 /* LaunchScreen.storyboard */ = {
			isa = PBXVariantGroup;
			children = (
				602EDD1520F728EB00C156D5 /* Base */,
			);
			name = LaunchScreen.storyboard;
			sourceTree = "<group>";
		};
/* End PBXVariantGroup section */

/* Begin XCBuildConfiguration section */
		602EDD1A20F728EB00C156D5 /* Debug */ = {
			isa = XCBuildConfiguration;
			buildSettings = {
				ALWAYS_SEARCH_USER_PATHS = NO;
				CLANG_ANALYZER_NONNULL = YES;
				CLANG_ANALYZER_NUMBER_OBJECT_CONVERSION = YES_AGGRESSIVE;
				CLANG_CXX_LANGUAGE_STANDARD = "gnu++14";
				CLANG_CXX_LIBRARY = "libc++";
				CLANG_ENABLE_MODULES = YES;
				CLANG_ENABLE_OBJC_ARC = YES;
				CLANG_ENABLE_OBJC_WEAK = YES;
				CLANG_WARN_BLOCK_CAPTURE_AUTORELEASING = YES;
				CLANG_WARN_BOOL_CONVERSION = YES;
				CLANG_WARN_COMMA = YES;
				CLANG_WARN_CONSTANT_CONVERSION = YES;
				CLANG_WARN_DEPRECATED_OBJC_IMPLEMENTATIONS = YES;
				CLANG_WARN_DIRECT_OBJC_ISA_USAGE = YES_ERROR;
				CLANG_WARN_DOCUMENTATION_COMMENTS = YES;
				CLANG_WARN_EMPTY_BODY = YES;
				CLANG_WARN_ENUM_CONVERSION = YES;
				CLANG_WARN_INFINITE_RECURSION = YES;
				CLANG_WARN_INT_CONVERSION = YES;
				CLANG_WARN_NON_LITERAL_NULL_CONVERSION = YES;
				CLANG_WARN_OBJC_IMPLICIT_RETAIN_SELF = YES;
				CLANG_WARN_OBJC_LITERAL_CONVERSION = YES;
				CLANG_WARN_OBJC_ROOT_CLASS = YES_ERROR;
				CLANG_WARN_RANGE_LOOP_ANALYSIS = YES;
				CLANG_WARN_STRICT_PROTOTYPES = YES;
				CLANG_WARN_SUSPICIOUS_MOVE = YES;
				CLANG_WARN_UNGUARDED_AVAILABILITY = YES_AGGRESSIVE;
				CLANG_WARN_UNREACHABLE_CODE = YES;
				CLANG_WARN__DUPLICATE_METHOD_MATCH = YES;
				CODE_SIGN_IDENTITY = "iPhone Developer";
				COPY_PHASE_STRIP = NO;
				DEBUG_INFORMATION_FORMAT = dwarf;
				ENABLE_STRICT_OBJC_MSGSEND = YES;
				ENABLE_TESTABILITY = YES;
				GCC_C_LANGUAGE_STANDARD = gnu11;
				GCC_DYNAMIC_NO_PIC = NO;
				GCC_NO_COMMON_BLOCKS = YES;
				GCC_OPTIMIZATION_LEVEL = 0;
				GCC_PREPROCESSOR_DEFINITIONS = (
					"DEBUG=1",
					"$(inherited)",
				);
				GCC_WARN_64_TO_32_BIT_CONVERSION = YES;
				GCC_WARN_ABOUT_RETURN_TYPE = YES_ERROR;
				GCC_WARN_UNDECLARED_SELECTOR = YES;
				GCC_WARN_UNINITIALIZED_AUTOS = YES_AGGRESSIVE;
				GCC_WARN_UNUSED_FUNCTION = YES;
				GCC_WARN_UNUSED_VARIABLE = YES;
				IPHONEOS_DEPLOYMENT_TARGET = 11.3;
				MTL_ENABLE_DEBUG_INFO = YES;
				ONLY_ACTIVE_ARCH = YES;
				SDKROOT = iphoneos;
			};
			name = Debug;
		};
		602EDD1B20F728EB00C156D5 /* Release */ = {
			isa = XCBuildConfiguration;
			buildSettings = {
				ALWAYS_SEARCH_USER_PATHS = NO;
				CLANG_ANALYZER_NONNULL = YES;
				CLANG_ANALYZER_NUMBER_OBJECT_CONVERSION = YES_AGGRESSIVE;
				CLANG_CXX_LANGUAGE_STANDARD = "gnu++14";
				CLANG_CXX_LIBRARY = "libc++";
				CLANG_ENABLE_MODULES = YES;
				CLANG_ENABLE_OBJC_ARC = YES;
				CLANG_ENABLE_OBJC_WEAK = YES;
				CLANG_WARN_BLOCK_CAPTURE_AUTORELEASING = YES;
				CLANG_WARN_BOOL_CONVERSION = YES;
				CLANG_WARN_COMMA = YES;
				CLANG_WARN_CONSTANT_CONVERSION = YES;
				CLANG_WARN_DEPRECATED_OBJC_IMPLEMENTATIONS = YES;
				CLANG_WARN_DIRECT_OBJC_ISA_USAGE = YES_ERROR;
				CLANG_WARN_DOCUMENTATION_COMMENTS = YES;
				CLANG_WARN_EMPTY_BODY = YES;
				CLANG_WARN_ENUM_CONVERSION = YES;
				CLANG_WARN_INFINITE_RECURSION = YES;
				CLANG_WARN_INT_CONVERSION = YES;
				CLANG_WARN_NON_LITERAL_NULL_CONVERSION = YES;
				CLANG_WARN_OBJC_IMPLICIT_RETAIN_SELF = YES;
				CLANG_WARN_OBJC_LITERAL_CONVERSION = YES;
				CLANG_WARN_OBJC_ROOT_CLASS = YES_ERROR;
				CLANG_WARN_RANGE_LOOP_ANALYSIS = YES;
				CLANG_WARN_STRICT_PROTOTYPES = YES;
				CLANG_WARN_SUSPICIOUS_MOVE = YES;
				CLANG_WARN_UNGUARDED_AVAILABILITY = YES_AGGRESSIVE;
				CLANG_WARN_UNREACHABLE_CODE = YES;
				CLANG_WARN__DUPLICATE_METHOD_MATCH = YES;
				CODE_SIGN_IDENTITY = "iPhone Developer";
				COPY_PHASE_STRIP = NO;
				DEBUG_INFORMATION_FORMAT = "dwarf-with-dsym";
				ENABLE_NS_ASSERTIONS = NO;
				ENABLE_STRICT_OBJC_MSGSEND = YES;
				GCC_C_LANGUAGE_STANDARD = gnu11;
				GCC_NO_COMMON_BLOCKS = YES;
				GCC_WARN_64_TO_32_BIT_CONVERSION = YES;
				GCC_WARN_ABOUT_RETURN_TYPE = YES_ERROR;
				GCC_WARN_UNDECLARED_SELECTOR = YES;
				GCC_WARN_UNINITIALIZED_AUTOS = YES_AGGRESSIVE;
				GCC_WARN_UNUSED_FUNCTION = YES;
				GCC_WARN_UNUSED_VARIABLE = YES;
				IPHONEOS_DEPLOYMENT_TARGET = 11.3;
				MTL_ENABLE_DEBUG_INFO = NO;
				SDKROOT = iphoneos;
				VALIDATE_PRODUCT = YES;
			};
			name = Release;
		};
		602EDD1D20F728EB00C156D5 /* Debug */ = {
			isa = XCBuildConfiguration;
			buildSettings = {
				ASSETCATALOG_COMPILER_APPICON_NAME = AppIcon;
				CODE_SIGN_STYLE = Automatic;
				DEVELOPMENT_TEAM = V36526T8FR;
				INFOPLIST_FILE = MyFire/Info.plist;
				LD_RUNPATH_SEARCH_PATHS = (
					"$(inherited)",
					"@executable_path/Frameworks",
				);
				PRODUCT_BUNDLE_IDENTIFIER = com.qty.MyFire;
				PRODUCT_NAME = "$(TARGET_NAME)";
				TARGETED_DEVICE_FAMILY = "1,2";
			};
			name = Debug;
		};
		602EDD1E20F728EB00C156D5 /* Release */ = {
			isa = XCBuildConfiguration;
			buildSettings = {
				ASSETCATALOG_COMPILER_APPICON_NAME = AppIcon;
				CODE_SIGN_STYLE = Automatic;
				DEVELOPMENT_TEAM = V36526T8FR;
				INFOPLIST_FILE = MyFire/Info.plist;
				LD_RUNPATH_SEARCH_PATHS = (
					"$(inherited)",
					"@executable_path/Frameworks",
				);
				PRODUCT_BUNDLE_IDENTIFIER = com.qty.MyFire;
				PRODUCT_NAME = "$(TARGET_NAME)";
				TARGETED_DEVICE_FAMILY = "1,2";
			};
			name = Release;
		};
/* End XCBuildConfiguration section */

/* Begin XCConfigurationList section */
		602EDD0120F728EA00C156D5 /* Build configuration list for PBXProject "MyFire" */ = {
			isa = XCConfigurationList;
			buildConfigurations = (
				602EDD1A20F728EB00C156D5 /* Debug */,
				602EDD1B20F728EB00C156D5 /* Release */,
			);
			defaultConfigurationIsVisible = 0;
			defaultConfigurationName = Release;
		};
		602EDD1C20F728EB00C156D5 /* Build configuration list for PBXNativeTarget "MyFire" */ = {
			isa = XCConfigurationList;
			buildConfigurations = (
				602EDD1D20F728EB00C156D5 /* Debug */,
				602EDD1E20F728EB00C156D5 /* Release */,
			);
			defaultConfigurationIsVisible = 0;
			defaultConfigurationName = Release;
		};
/* End XCConfigurationList section */
	};
	rootObject = 602EDCFE20F728EA00C156D5 /* Project object */;
}
